uuid: 47a576b8-1e7d-43fd-8ff7-93a255f51e4b
langcode: en
status: true
dependencies:
  config:
    - block_content.type.faq_block
  module:
    - content_translation
third_party_settings:
  content_translation:
    enabled: false
    bundle_settings:
      untranslatable_fields_hide: '0'
id: block_content.faq_block
target_entity_type_id: block_content
target_bundle: faq_block
default_langcode: site_default
language_alterable: false
